
Microsoft Visual Studio Solution File, Format Version 12.00
# Visual Studio Version 17
VisualStudioVersion = 17.2.32602.215
MinimumVisualStudioVersion = 10.0.40219.1
Project("{9A19103F-16F7-4668-BE54-9A1E7A4F7556}") = "TheCountry.API", "TheCountry.API\TheCountry.API.csproj", "{F3464974-1460-46E5-829C-CBD68FADF6A6}"
EndProject
Global
	GlobalSection(SolutionConfigurationPlatforms) = preSolution
		Debug|Any CPU = Debug|Any CPU
		Release|Any CPU = Release|Any CPU
	EndGlobalSection
	GlobalSection(ProjectConfigurationPlatforms) = postSolution
		{F3464974-1460-46E5-829C-CBD68FADF6A6}.Debug|Any CPU.ActiveCfg = Debug|Any CPU
		{F3464974-1460-46E5-829C-CBD68FADF6A6}.Debug|Any CPU.Build.0 = Debug|Any CPU
		{F3464974-1460-46E5-829C-CBD68FADF6A6}.Release|Any CPU.ActiveCfg = Release|Any CPU
		{F3464974-1460-46E5-829C-CBD68FADF6A6}.Release|Any CPU.Build.0 = Release|Any CPU
	EndGlobalSection
	GlobalSection(SolutionProperties) = preSolution
		HideSolutionNode = FALSE
	EndGlobalSection
	GlobalSection(ExtensibilityGlobals) = postSolution
		SolutionGuid = {4395891F-C7CA-4435-A8E8-06C4E3D703FC}
	EndGlobalSection
EndGlobal
